
Microsoft Visual Studio Solution File, Format Version 12.00
# Visual Studio Version 17
VisualStudioVersion = 17.7.34009.444
MinimumVisualStudioVersion = 10.0.40219.1
Project("{9A19103F-16F7-4668-BE54-9A1E7A4F7556}") = "CRUD Imagenes", "CRUD Imagenes\CRUD Imagenes.csproj", "{33C85054-CAAB-496A-A6CE-39398D38FF32}"
EndProject
Project("{FAE04EC0-301F-11D3-BF4B-00C04F79EFBC}") = "ApiProductos", "ApiProductos\ApiProductos.csproj", "{E6BC9A54-E017-4650-B7B2-0C52AFA58D77}"
EndProject
Global
	GlobalSection(SolutionConfigurationPlatforms) = preSolution
		Debug|Any CPU = Debug|Any CPU
		Release|Any CPU = Release|Any CPU
	EndGlobalSection
	GlobalSection(ProjectConfigurationPlatforms) = postSolution
		{33C85054-CAAB-496A-A6CE-39398D38FF32}.Debug|Any CPU.ActiveCfg = Debug|Any CPU
		{33C85054-CAAB-496A-A6CE-39398D38FF32}.Debug|Any CPU.Build.0 = Debug|Any CPU
		{33C85054-CAAB-496A-A6CE-39398D38FF32}.Release|Any CPU.ActiveCfg = Release|Any CPU
		{33C85054-CAAB-496A-A6CE-39398D38FF32}.Release|Any CPU.Build.0 = Release|Any CPU
		{E6BC9A54-E017-4650-B7B2-0C52AFA58D77}.Debug|Any CPU.ActiveCfg = Debug|Any CPU
		{E6BC9A54-E017-4650-B7B2-0C52AFA58D77}.Debug|Any CPU.Build.0 = Debug|Any CPU
		{E6BC9A54-E017-4650-B7B2-0C52AFA58D77}.Release|Any CPU.ActiveCfg = Release|Any CPU
		{E6BC9A54-E017-4650-B7B2-0C52AFA58D77}.Release|Any CPU.Build.0 = Release|Any CPU
	EndGlobalSection
	GlobalSection(SolutionProperties) = preSolution
		HideSolutionNode = FALSE
	EndGlobalSection
	GlobalSection(ExtensibilityGlobals) = postSolution
		SolutionGuid = {3071D936-6038-4B84-A5FE-27C424D1893F}
	EndGlobalSection
EndGlobal
